
Microsoft Visual Studio Solution File, Format Version 12.00
# Visual Studio Version 17
VisualStudioVersion = 17.13.35931.197 d17.13
MinimumVisualStudioVersion = 10.0.40219.1
Project("{FAE04EC0-301F-11D3-BF4B-00C04F79EFBC}") = "AdministradorTFC", "AdministradorTFC\AdministradorTFC.csproj", "{47F8B709-2956-4012-B100-BF33E9C3A127}"
EndProject
Project("{FAE04EC0-301F-11D3-BF4B-00C04F79EFBC}") = "DetailsUser", "DetailsUser\DetailsUser.csproj", "{81477D54-3148-4A3A-B979-CFC4D014B44E}"
EndProject
Global
	GlobalSection(SolutionConfigurationPlatforms) = preSolution
		Debug|Any CPU = Debug|Any CPU
		Release|Any CPU = Release|Any CPU
	EndGlobalSection
	GlobalSection(ProjectConfigurationPlatforms) = postSolution
		{47F8B709-2956-4012-B100-BF33E9C3A127}.Debug|Any CPU.ActiveCfg = Debug|Any CPU
		{47F8B709-2956-4012-B100-BF33E9C3A127}.Debug|Any CPU.Build.0 = Debug|Any CPU
		{47F8B709-2956-4012-B100-BF33E9C3A127}.Release|Any CPU.ActiveCfg = Release|Any CPU
		{47F8B709-2956-4012-B100-BF33E9C3A127}.Release|Any CPU.Build.0 = Release|Any CPU
		{81477D54-3148-4A3A-B979-CFC4D014B44E}.Debug|Any CPU.ActiveCfg = Debug|Any CPU
		{81477D54-3148-4A3A-B979-CFC4D014B44E}.Debug|Any CPU.Build.0 = Debug|Any CPU
		{81477D54-3148-4A3A-B979-CFC4D014B44E}.Release|Any CPU.ActiveCfg = Release|Any CPU
		{81477D54-3148-4A3A-B979-CFC4D014B44E}.Release|Any CPU.Build.0 = Release|Any CPU
	EndGlobalSection
	GlobalSection(SolutionProperties) = preSolution
		HideSolutionNode = FALSE
	EndGlobalSection
	GlobalSection(ExtensibilityGlobals) = postSolution
		SolutionGuid = {DB333E24-42EE-43D8-A2EF-B55846F18A4E}
	EndGlobalSection
EndGlobal
