
Microsoft Visual Studio Solution File, Format Version 12.00
# Visual Studio Version 17
VisualStudioVersion = 17.13.35931.197
MinimumVisualStudioVersion = 10.0.40219.1
Project("{FAE04EC0-301F-11D3-BF4B-00C04F79EFBC}") = "AdministradorTFC", "AdministradorTFC\AdministradorTFC.csproj", "{47F8B709-2956-4012-B100-BF33E9C3A127}"
EndProject
Project("{FAE04EC0-301F-11D3-BF4B-00C04F79EFBC}") = "DetailsUser", "DetailsUser\DetailsUser.csproj", "{81477D54-3148-4A3A-B979-CFC4D014B44E}"
EndProject
Project("{FAE04EC0-301F-11D3-BF4B-00C04F79EFBC}") = "CreateUser", "CreateUser\CreateUser.csproj", "{1039C7F6-47DB-4ADE-9220-3E021EC53676}"
EndProject
Project("{FAE04EC0-301F-11D3-BF4B-00C04F79EFBC}") = "DetailsExercise", "DetailsExercise\DetailsExercise.csproj", "{31087296-7C1B-471B-BFA0-F2A21B0E813A}"
EndProject
Project("{FAE04EC0-301F-11D3-BF4B-00C04F79EFBC}") = "CreateExercise", "CreateExercise\CreateExercise.csproj", "{CFB63DA1-73B1-475F-96F1-F017D664A534}"
EndProject
Project("{FAE04EC0-301F-11D3-BF4B-00C04F79EFBC}") = "CreateFood", "CreateFood\CreateFood.csproj", "{3F601BC0-19E8-4CD8-96AF-007016B5C3EF}"
EndProject
Project("{FAE04EC0-301F-11D3-BF4B-00C04F79EFBC}") = "DetailsFood", "DetailsFood\DetailsFood.csproj", "{4A2E1166-5324-4417-819E-C73768A37EDE}"
EndProject
Project("{FAE04EC0-301F-11D3-BF4B-00C04F79EFBC}") = "CreateExerciseUser", "CreateExerciseUser\CreateExerciseUser.csproj", "{86C10DF9-D844-4833-ADB4-BDE303353273}"
EndProject
Project("{FAE04EC0-301F-11D3-BF4B-00C04F79EFBC}") = "DetailsExerciseUser", "DetailsExerciseUser\DetailsExerciseUser.csproj", "{C0737BC7-C5D7-45AB-B86B-CADB158E135C}"
EndProject
Global
	GlobalSection(SolutionConfigurationPlatforms) = preSolution
		Debug|Any CPU = Debug|Any CPU
		Release|Any CPU = Release|Any CPU
	EndGlobalSection
	GlobalSection(ProjectConfigurationPlatforms) = postSolution
		{47F8B709-2956-4012-B100-BF33E9C3A127}.Debug|Any CPU.ActiveCfg = Debug|Any CPU
		{47F8B709-2956-4012-B100-BF33E9C3A127}.Debug|Any CPU.Build.0 = Debug|Any CPU
		{47F8B709-2956-4012-B100-BF33E9C3A127}.Release|Any CPU.ActiveCfg = Release|Any CPU
		{47F8B709-2956-4012-B100-BF33E9C3A127}.Release|Any CPU.Build.0 = Release|Any CPU
		{81477D54-3148-4A3A-B979-CFC4D014B44E}.Debug|Any CPU.ActiveCfg = Debug|Any CPU
		{81477D54-3148-4A3A-B979-CFC4D014B44E}.Debug|Any CPU.Build.0 = Debug|Any CPU
		{81477D54-3148-4A3A-B979-CFC4D014B44E}.Release|Any CPU.ActiveCfg = Release|Any CPU
		{81477D54-3148-4A3A-B979-CFC4D014B44E}.Release|Any CPU.Build.0 = Release|Any CPU
		{1039C7F6-47DB-4ADE-9220-3E021EC53676}.Debug|Any CPU.ActiveCfg = Debug|Any CPU
		{1039C7F6-47DB-4ADE-9220-3E021EC53676}.Debug|Any CPU.Build.0 = Debug|Any CPU
		{1039C7F6-47DB-4ADE-9220-3E021EC53676}.Release|Any CPU.ActiveCfg = Release|Any CPU
		{1039C7F6-47DB-4ADE-9220-3E021EC53676}.Release|Any CPU.Build.0 = Release|Any CPU
		{31087296-7C1B-471B-BFA0-F2A21B0E813A}.Debug|Any CPU.ActiveCfg = Debug|Any CPU
		{31087296-7C1B-471B-BFA0-F2A21B0E813A}.Debug|Any CPU.Build.0 = Debug|Any CPU
		{31087296-7C1B-471B-BFA0-F2A21B0E813A}.Release|Any CPU.ActiveCfg = Release|Any CPU
		{31087296-7C1B-471B-BFA0-F2A21B0E813A}.Release|Any CPU.Build.0 = Release|Any CPU
		{CFB63DA1-73B1-475F-96F1-F017D664A534}.Debug|Any CPU.ActiveCfg = Debug|Any CPU
		{CFB63DA1-73B1-475F-96F1-F017D664A534}.Debug|Any CPU.Build.0 = Debug|Any CPU
		{CFB63DA1-73B1-475F-96F1-F017D664A534}.Release|Any CPU.ActiveCfg = Release|Any CPU
		{CFB63DA1-73B1-475F-96F1-F017D664A534}.Release|Any CPU.Build.0 = Release|Any CPU
		{3F601BC0-19E8-4CD8-96AF-007016B5C3EF}.Debug|Any CPU.ActiveCfg = Debug|Any CPU
		{3F601BC0-19E8-4CD8-96AF-007016B5C3EF}.Debug|Any CPU.Build.0 = Debug|Any CPU
		{3F601BC0-19E8-4CD8-96AF-007016B5C3EF}.Release|Any CPU.ActiveCfg = Release|Any CPU
		{3F601BC0-19E8-4CD8-96AF-007016B5C3EF}.Release|Any CPU.Build.0 = Release|Any CPU
		{4A2E1166-5324-4417-819E-C73768A37EDE}.Debug|Any CPU.ActiveCfg = Debug|Any CPU
		{4A2E1166-5324-4417-819E-C73768A37EDE}.Debug|Any CPU.Build.0 = Debug|Any CPU
		{4A2E1166-5324-4417-819E-C73768A37EDE}.Release|Any CPU.ActiveCfg = Release|Any CPU
		{4A2E1166-5324-4417-819E-C73768A37EDE}.Release|Any CPU.Build.0 = Release|Any CPU
		{86C10DF9-D844-4833-ADB4-BDE303353273}.Debug|Any CPU.ActiveCfg = Debug|Any CPU
		{86C10DF9-D844-4833-ADB4-BDE303353273}.Debug|Any CPU.Build.0 = Debug|Any CPU
		{86C10DF9-D844-4833-ADB4-BDE303353273}.Release|Any CPU.ActiveCfg = Release|Any CPU
		{86C10DF9-D844-4833-ADB4-BDE303353273}.Release|Any CPU.Build.0 = Release|Any CPU
		{C0737BC7-C5D7-45AB-B86B-CADB158E135C}.Debug|Any CPU.ActiveCfg = Debug|Any CPU
		{C0737BC7-C5D7-45AB-B86B-CADB158E135C}.Debug|Any CPU.Build.0 = Debug|Any CPU
		{C0737BC7-C5D7-45AB-B86B-CADB158E135C}.Release|Any CPU.ActiveCfg = Release|Any CPU
		{C0737BC7-C5D7-45AB-B86B-CADB158E135C}.Release|Any CPU.Build.0 = Release|Any CPU
	EndGlobalSection
	GlobalSection(SolutionProperties) = preSolution
		HideSolutionNode = FALSE
	EndGlobalSection
	GlobalSection(ExtensibilityGlobals) = postSolution
		SolutionGuid = {DB333E24-42EE-43D8-A2EF-B55846F18A4E}
	EndGlobalSection
EndGlobal
